
Microsoft Visual Studio Solution File, Format Version 10.00
# Visual Studio 2008
Project("{FAE04EC0-301F-11D3-BF4B-00C04F79EFBC}") = "CabinetSystem", "CabinetSystem.csproj", "{B934C8EE-5273-420C-8717-04DFAD8AF4D4}"
EndProject
Project("{FAE04EC0-301F-11D3-BF4B-00C04F79EFBC}") = "CabinetTest", "..\CabinetTest\CabinetTest.csproj", "{799E2527-D5D3-45F6-9D11-0ADD4166F22A}"
EndProject
Project("{2150E333-8FDC-42A3-9474-1A3956D46DE8}") = "Solution Items", "Solution Items", "{D82ACE9F-E7CF-407A-9416-1C5EACDA61C3}"
	ProjectSection(SolutionItems) = preProject
		Cabinet.vsmdi = Cabinet.vsmdi
		LocalTestRun.testrunconfig = LocalTestRun.testrunconfig
	EndProjectSection
EndProject
Global
	GlobalSection(TestCaseManagementSettings) = postSolution
		CategoryFile = Cabinet.vsmdi
	EndGlobalSection
	GlobalSection(SolutionConfigurationPlatforms) = preSolution
		Debug|Any CPU = Debug|Any CPU
		Release|Any CPU = Release|Any CPU
	EndGlobalSection
	GlobalSection(ProjectConfigurationPlatforms) = postSolution
		{B934C8EE-5273-420C-8717-04DFAD8AF4D4}.Debug|Any CPU.ActiveCfg = Debug|Any CPU
		{B934C8EE-5273-420C-8717-04DFAD8AF4D4}.Debug|Any CPU.Build.0 = Debug|Any CPU
		{B934C8EE-5273-420C-8717-04DFAD8AF4D4}.Release|Any CPU.ActiveCfg = Release|Any CPU
		{B934C8EE-5273-420C-8717-04DFAD8AF4D4}.Release|Any CPU.Build.0 = Release|Any CPU
		{799E2527-D5D3-45F6-9D11-0ADD4166F22A}.Debug|Any CPU.ActiveCfg = Debug|Any CPU
		{799E2527-D5D3-45F6-9D11-0ADD4166F22A}.Debug|Any CPU.Build.0 = Debug|Any CPU
		{799E2527-D5D3-45F6-9D11-0ADD4166F22A}.Release|Any CPU.ActiveCfg = Release|Any CPU
		{799E2527-D5D3-45F6-9D11-0ADD4166F22A}.Release|Any CPU.Build.0 = Release|Any CPU
	EndGlobalSection
	GlobalSection(SolutionProperties) = preSolution
		HideSolutionNode = FALSE
	EndGlobalSection
EndGlobal
